
Microsoft Visual Studio Solution File, Format Version 12.00
# Visual Studio Version 16
VisualStudioVersion = 16.0.32106.194
MinimumVisualStudioVersion = 10.0.40219.1
Project("{8BC9CEB8-8B4A-11D0-8D11-00A0C91BC942}") = "C14", "C14\C14.vcxproj", "{87BE14B4-F2EC-4F76-93B4-8803AA2DC96C}"
EndProject
Project("{8BC9CEB8-8B4A-11D0-8D11-00A0C91BC942}") = "enums", "enums\enums.vcxproj", "{6B5DC20D-8173-45ED-9657-8BECA9978C46}"
EndProject
Project("{8BC9CEB8-8B4A-11D0-8D11-00A0C91BC942}") = "BT_Interview", "BrainTree_Interview\BrainTree_Interview.vcxproj", "{078F72E5-9B96-4D33-8EF1-8DF36E5B8B00}"
EndProject
Project("{8BC9CEB8-8B4A-11D0-8D11-00A0C91BC942}") = "template_print", "template_print\template_print.vcxproj", "{950BE657-0C86-4CA9-A4BB-A0F9E688D139}"
EndProject
Project("{8BC9CEB8-8B4A-11D0-8D11-00A0C91BC942}") = "enable_if", "enable_if\enable_if.vcxproj", "{0A76C01E-60A3-42A4-A6F5-E4321ADFBB35}"
EndProject
Project("{8BC9CEB8-8B4A-11D0-8D11-00A0C91BC942}") = "is_integral", "is_integral\is_integral.vcxproj", "{F6031E5B-A072-4E83-98B3-09D009B7B09B}"
EndProject
Project("{8BC9CEB8-8B4A-11D0-8D11-00A0C91BC942}") = "SFINAE", "SFINAE\SFINAE.vcxproj", "{B4938392-FE90-46EE-B0A1-DE4E87CAC65E}"
EndProject
Project("{8BC9CEB8-8B4A-11D0-8D11-00A0C91BC942}") = "align", "align\align.vcxproj", "{2CE5EB12-131A-4316-A409-EEC0F5546D82}"
EndProject
Project("{8BC9CEB8-8B4A-11D0-8D11-00A0C91BC942}") = "is_smart_pointer", "is_smart_pointer\is_smart_pointer.vcxproj", "{5DA9CC17-8073-403E-91E5-9DE4B1B2B70A}"
EndProject
Project("{8BC9CEB8-8B4A-11D0-8D11-00A0C91BC942}") = "enable_if_11", "enable_if_11\enable_if_11.vcxproj", "{6644AB83-16E4-4253-A47F-24F798066128}"
EndProject
Project("{8BC9CEB8-8B4A-11D0-8D11-00A0C91BC942}") = "enable_if_11_a", "enable_if_11_a\enable_if_11_a.vcxproj", "{20795C80-2A06-43C9-A71D-3730B0BBC668}"
EndProject
Project("{8BC9CEB8-8B4A-11D0-8D11-00A0C91BC942}") = "enable_if_all_any", "enable_if_all_any\enable_if_all_any.vcxproj", "{D72F153C-E26C-4017-871F-292F332FCA31}"
EndProject
Project("{8BC9CEB8-8B4A-11D0-8D11-00A0C91BC942}") = "enable_if_all_any_11", "enable_if_all_any_11\enable_if_all_any_11.vcxproj", "{214B323B-F3BE-4271-8656-F3201E16939E}"
EndProject
Project("{8BC9CEB8-8B4A-11D0-8D11-00A0C91BC942}") = "is_arithmetic", "enable_if_a\enable_if_a.vcxproj", "{85CA2EB5-A242-43EA-AAFF-C5B4B1CEB2E3}"
EndProject
Project("{8BC9CEB8-8B4A-11D0-8D11-00A0C91BC942}") = "void_t", "void_t\void_t.vcxproj", "{565B5EBC-1F42-40EB-8044-F364CD21EF87}"
EndProject
Project("{8BC9CEB8-8B4A-11D0-8D11-00A0C91BC942}") = "declval", "declval\declval.vcxproj", "{DCD91910-39E1-41D4-BAC9-86BF471AB2EE}"
EndProject
Project("{8BC9CEB8-8B4A-11D0-8D11-00A0C91BC942}") = "is_iterable", "is_iterable\is_iterable.vcxproj", "{F41B70A0-8D88-468B-902E-D4DC288C4624}"
EndProject
Project("{8BC9CEB8-8B4A-11D0-8D11-00A0C91BC942}") = "iterator_traits", "iterator_traits\iterator_traits.vcxproj", "{9860C97E-E76F-415A-B5A5-15AF8CAB688D}"
EndProject
Project("{8BC9CEB8-8B4A-11D0-8D11-00A0C91BC942}") = "variadic-tuple", "variadic-tuple\variadic-tuple.vcxproj", "{CB4F60A9-CE38-41DD-8234-0C50C437E9E0}"
EndProject
Project("{8BC9CEB8-8B4A-11D0-8D11-00A0C91BC942}") = "variadic_tuple_insight", "variadic_tuple_insight\variadic_tuple_insight.vcxproj", "{8DBA11D3-C9C6-44FE-A95E-4C6379C15F58}"
EndProject
Project("{8BC9CEB8-8B4A-11D0-8D11-00A0C91BC942}") = "SFINAE_2", "SFINAE_2\SFINAE_2.vcxproj", "{DB946D3D-04C3-43BC-8215-C11C81C62E42}"
EndProject
Project("{8BC9CEB8-8B4A-11D0-8D11-00A0C91BC942}") = "SFINAE_abs", "SFINAE_abs\SFINAE_abs.vcxproj", "{74DC13B6-0449-4E39-BE32-FEA573FF6BB5}"
EndProject
Project("{8BC9CEB8-8B4A-11D0-8D11-00A0C91BC942}") = "SFINAE_abs_c++20", "SFINAE_abs_c++20\SFINAE_abs_c++20.vcxproj", "{98DCEC4A-C754-4885-84D9-FB42A52D79F5}"
EndProject
Global
	GlobalSection(SolutionConfigurationPlatforms) = preSolution
		Debug|x64 = Debug|x64
		Debug|x86 = Debug|x86
		Release|x64 = Release|x64
		Release|x86 = Release|x86
	EndGlobalSection
	GlobalSection(ProjectConfigurationPlatforms) = postSolution
		{87BE14B4-F2EC-4F76-93B4-8803AA2DC96C}.Debug|x64.ActiveCfg = Debug|x64
		{87BE14B4-F2EC-4F76-93B4-8803AA2DC96C}.Debug|x64.Build.0 = Debug|x64
		{87BE14B4-F2EC-4F76-93B4-8803AA2DC96C}.Debug|x86.ActiveCfg = Debug|Win32
		{87BE14B4-F2EC-4F76-93B4-8803AA2DC96C}.Debug|x86.Build.0 = Debug|Win32
		{87BE14B4-F2EC-4F76-93B4-8803AA2DC96C}.Release|x64.ActiveCfg = Release|x64
		{87BE14B4-F2EC-4F76-93B4-8803AA2DC96C}.Release|x64.Build.0 = Release|x64
		{87BE14B4-F2EC-4F76-93B4-8803AA2DC96C}.Release|x86.ActiveCfg = Release|Win32
		{87BE14B4-F2EC-4F76-93B4-8803AA2DC96C}.Release|x86.Build.0 = Release|Win32
		{6B5DC20D-8173-45ED-9657-8BECA9978C46}.Debug|x64.ActiveCfg = Debug|x64
		{6B5DC20D-8173-45ED-9657-8BECA9978C46}.Debug|x64.Build.0 = Debug|x64
		{6B5DC20D-8173-45ED-9657-8BECA9978C46}.Debug|x86.ActiveCfg = Debug|Win32
		{6B5DC20D-8173-45ED-9657-8BECA9978C46}.Debug|x86.Build.0 = Debug|Win32
		{6B5DC20D-8173-45ED-9657-8BECA9978C46}.Release|x64.ActiveCfg = Release|x64
		{6B5DC20D-8173-45ED-9657-8BECA9978C46}.Release|x64.Build.0 = Release|x64
		{6B5DC20D-8173-45ED-9657-8BECA9978C46}.Release|x86.ActiveCfg = Release|Win32
		{6B5DC20D-8173-45ED-9657-8BECA9978C46}.Release|x86.Build.0 = Release|Win32
		{078F72E5-9B96-4D33-8EF1-8DF36E5B8B00}.Debug|x64.ActiveCfg = Debug|x64
		{078F72E5-9B96-4D33-8EF1-8DF36E5B8B00}.Debug|x64.Build.0 = Debug|x64
		{078F72E5-9B96-4D33-8EF1-8DF36E5B8B00}.Debug|x86.ActiveCfg = Debug|Win32
		{078F72E5-9B96-4D33-8EF1-8DF36E5B8B00}.Debug|x86.Build.0 = Debug|Win32
		{078F72E5-9B96-4D33-8EF1-8DF36E5B8B00}.Release|x64.ActiveCfg = Release|x64
		{078F72E5-9B96-4D33-8EF1-8DF36E5B8B00}.Release|x64.Build.0 = Release|x64
		{078F72E5-9B96-4D33-8EF1-8DF36E5B8B00}.Release|x86.ActiveCfg = Release|Win32
		{078F72E5-9B96-4D33-8EF1-8DF36E5B8B00}.Release|x86.Build.0 = Release|Win32
		{950BE657-0C86-4CA9-A4BB-A0F9E688D139}.Debug|x64.ActiveCfg = Debug|x64
		{950BE657-0C86-4CA9-A4BB-A0F9E688D139}.Debug|x64.Build.0 = Debug|x64
		{950BE657-0C86-4CA9-A4BB-A0F9E688D139}.Debug|x86.ActiveCfg = Debug|Win32
		{950BE657-0C86-4CA9-A4BB-A0F9E688D139}.Debug|x86.Build.0 = Debug|Win32
		{950BE657-0C86-4CA9-A4BB-A0F9E688D139}.Release|x64.ActiveCfg = Release|x64
		{950BE657-0C86-4CA9-A4BB-A0F9E688D139}.Release|x64.Build.0 = Release|x64
		{950BE657-0C86-4CA9-A4BB-A0F9E688D139}.Release|x86.ActiveCfg = Release|Win32
		{950BE657-0C86-4CA9-A4BB-A0F9E688D139}.Release|x86.Build.0 = Release|Win32
		{0A76C01E-60A3-42A4-A6F5-E4321ADFBB35}.Debug|x64.ActiveCfg = Debug|x64
		{0A76C01E-60A3-42A4-A6F5-E4321ADFBB35}.Debug|x64.Build.0 = Debug|x64
		{0A76C01E-60A3-42A4-A6F5-E4321ADFBB35}.Debug|x86.ActiveCfg = Debug|Win32
		{0A76C01E-60A3-42A4-A6F5-E4321ADFBB35}.Debug|x86.Build.0 = Debug|Win32
		{0A76C01E-60A3-42A4-A6F5-E4321ADFBB35}.Release|x64.ActiveCfg = Release|x64
		{0A76C01E-60A3-42A4-A6F5-E4321ADFBB35}.Release|x64.Build.0 = Release|x64
		{0A76C01E-60A3-42A4-A6F5-E4321ADFBB35}.Release|x86.ActiveCfg = Release|Win32
		{0A76C01E-60A3-42A4-A6F5-E4321ADFBB35}.Release|x86.Build.0 = Release|Win32
		{F6031E5B-A072-4E83-98B3-09D009B7B09B}.Debug|x64.ActiveCfg = Debug|x64
		{F6031E5B-A072-4E83-98B3-09D009B7B09B}.Debug|x64.Build.0 = Debug|x64
		{F6031E5B-A072-4E83-98B3-09D009B7B09B}.Debug|x86.ActiveCfg = Debug|Win32
		{F6031E5B-A072-4E83-98B3-09D009B7B09B}.Debug|x86.Build.0 = Debug|Win32
		{F6031E5B-A072-4E83-98B3-09D009B7B09B}.Release|x64.ActiveCfg = Release|x64
		{F6031E5B-A072-4E83-98B3-09D009B7B09B}.Release|x64.Build.0 = Release|x64
		{F6031E5B-A072-4E83-98B3-09D009B7B09B}.Release|x86.ActiveCfg = Release|Win32
		{F6031E5B-A072-4E83-98B3-09D009B7B09B}.Release|x86.Build.0 = Release|Win32
		{B4938392-FE90-46EE-B0A1-DE4E87CAC65E}.Debug|x64.ActiveCfg = Debug|x64
		{B4938392-FE90-46EE-B0A1-DE4E87CAC65E}.Debug|x64.Build.0 = Debug|x64
		{B4938392-FE90-46EE-B0A1-DE4E87CAC65E}.Debug|x86.ActiveCfg = Debug|Win32
		{B4938392-FE90-46EE-B0A1-DE4E87CAC65E}.Debug|x86.Build.0 = Debug|Win32
		{B4938392-FE90-46EE-B0A1-DE4E87CAC65E}.Release|x64.ActiveCfg = Release|x64
		{B4938392-FE90-46EE-B0A1-DE4E87CAC65E}.Release|x64.Build.0 = Release|x64
		{B4938392-FE90-46EE-B0A1-DE4E87CAC65E}.Release|x86.ActiveCfg = Release|Win32
		{B4938392-FE90-46EE-B0A1-DE4E87CAC65E}.Release|x86.Build.0 = Release|Win32
		{2CE5EB12-131A-4316-A409-EEC0F5546D82}.Debug|x64.ActiveCfg = Debug|x64
		{2CE5EB12-131A-4316-A409-EEC0F5546D82}.Debug|x64.Build.0 = Debug|x64
		{2CE5EB12-131A-4316-A409-EEC0F5546D82}.Debug|x86.ActiveCfg = Debug|Win32
		{2CE5EB12-131A-4316-A409-EEC0F5546D82}.Debug|x86.Build.0 = Debug|Win32
		{2CE5EB12-131A-4316-A409-EEC0F5546D82}.Release|x64.ActiveCfg = Release|x64
		{2CE5EB12-131A-4316-A409-EEC0F5546D82}.Release|x64.Build.0 = Release|x64
		{2CE5EB12-131A-4316-A409-EEC0F5546D82}.Release|x86.ActiveCfg = Release|Win32
		{2CE5EB12-131A-4316-A409-EEC0F5546D82}.Release|x86.Build.0 = Release|Win32
		{5DA9CC17-8073-403E-91E5-9DE4B1B2B70A}.Debug|x64.ActiveCfg = Debug|x64
		{5DA9CC17-8073-403E-91E5-9DE4B1B2B70A}.Debug|x64.Build.0 = Debug|x64
		{5DA9CC17-8073-403E-91E5-9DE4B1B2B70A}.Debug|x86.ActiveCfg = Debug|Win32
		{5DA9CC17-8073-403E-91E5-9DE4B1B2B70A}.Debug|x86.Build.0 = Debug|Win32
		{5DA9CC17-8073-403E-91E5-9DE4B1B2B70A}.Release|x64.ActiveCfg = Release|x64
		{5DA9CC17-8073-403E-91E5-9DE4B1B2B70A}.Release|x64.Build.0 = Release|x64
		{5DA9CC17-8073-403E-91E5-9DE4B1B2B70A}.Release|x86.ActiveCfg = Release|Win32
		{5DA9CC17-8073-403E-91E5-9DE4B1B2B70A}.Release|x86.Build.0 = Release|Win32
		{6644AB83-16E4-4253-A47F-24F798066128}.Debug|x64.ActiveCfg = Debug|x64
		{6644AB83-16E4-4253-A47F-24F798066128}.Debug|x64.Build.0 = Debug|x64
		{6644AB83-16E4-4253-A47F-24F798066128}.Debug|x86.ActiveCfg = Debug|Win32
		{6644AB83-16E4-4253-A47F-24F798066128}.Debug|x86.Build.0 = Debug|Win32
		{6644AB83-16E4-4253-A47F-24F798066128}.Release|x64.ActiveCfg = Release|x64
		{6644AB83-16E4-4253-A47F-24F798066128}.Release|x64.Build.0 = Release|x64
		{6644AB83-16E4-4253-A47F-24F798066128}.Release|x86.ActiveCfg = Release|Win32
		{6644AB83-16E4-4253-A47F-24F798066128}.Release|x86.Build.0 = Release|Win32
		{20795C80-2A06-43C9-A71D-3730B0BBC668}.Debug|x64.ActiveCfg = Debug|x64
		{20795C80-2A06-43C9-A71D-3730B0BBC668}.Debug|x64.Build.0 = Debug|x64
		{20795C80-2A06-43C9-A71D-3730B0BBC668}.Debug|x86.ActiveCfg = Debug|Win32
		{20795C80-2A06-43C9-A71D-3730B0BBC668}.Debug|x86.Build.0 = Debug|Win32
		{20795C80-2A06-43C9-A71D-3730B0BBC668}.Release|x64.ActiveCfg = Release|x64
		{20795C80-2A06-43C9-A71D-3730B0BBC668}.Release|x64.Build.0 = Release|x64
		{20795C80-2A06-43C9-A71D-3730B0BBC668}.Release|x86.ActiveCfg = Release|Win32
		{20795C80-2A06-43C9-A71D-3730B0BBC668}.Release|x86.Build.0 = Release|Win32
		{D72F153C-E26C-4017-871F-292F332FCA31}.Debug|x64.ActiveCfg = Debug|x64
		{D72F153C-E26C-4017-871F-292F332FCA31}.Debug|x64.Build.0 = Debug|x64
		{D72F153C-E26C-4017-871F-292F332FCA31}.Debug|x86.ActiveCfg = Debug|Win32
		{D72F153C-E26C-4017-871F-292F332FCA31}.Debug|x86.Build.0 = Debug|Win32
		{D72F153C-E26C-4017-871F-292F332FCA31}.Release|x64.ActiveCfg = Release|x64
		{D72F153C-E26C-4017-871F-292F332FCA31}.Release|x64.Build.0 = Release|x64
		{D72F153C-E26C-4017-871F-292F332FCA31}.Release|x86.ActiveCfg = Release|Win32
		{D72F153C-E26C-4017-871F-292F332FCA31}.Release|x86.Build.0 = Release|Win32
		{214B323B-F3BE-4271-8656-F3201E16939E}.Debug|x64.ActiveCfg = Debug|x64
		{214B323B-F3BE-4271-8656-F3201E16939E}.Debug|x64.Build.0 = Debug|x64
		{214B323B-F3BE-4271-8656-F3201E16939E}.Debug|x86.ActiveCfg = Debug|Win32
		{214B323B-F3BE-4271-8656-F3201E16939E}.Debug|x86.Build.0 = Debug|Win32
		{214B323B-F3BE-4271-8656-F3201E16939E}.Release|x64.ActiveCfg = Release|x64
		{214B323B-F3BE-4271-8656-F3201E16939E}.Release|x64.Build.0 = Release|x64
		{214B323B-F3BE-4271-8656-F3201E16939E}.Release|x86.ActiveCfg = Release|Win32
		{214B323B-F3BE-4271-8656-F3201E16939E}.Release|x86.Build.0 = Release|Win32
		{85CA2EB5-A242-43EA-AAFF-C5B4B1CEB2E3}.Debug|x64.ActiveCfg = Debug|x64
		{85CA2EB5-A242-43EA-AAFF-C5B4B1CEB2E3}.Debug|x64.Build.0 = Debug|x64
		{85CA2EB5-A242-43EA-AAFF-C5B4B1CEB2E3}.Debug|x86.ActiveCfg = Debug|Win32
		{85CA2EB5-A242-43EA-AAFF-C5B4B1CEB2E3}.Debug|x86.Build.0 = Debug|Win32
		{85CA2EB5-A242-43EA-AAFF-C5B4B1CEB2E3}.Release|x64.ActiveCfg = Release|x64
		{85CA2EB5-A242-43EA-AAFF-C5B4B1CEB2E3}.Release|x64.Build.0 = Release|x64
		{85CA2EB5-A242-43EA-AAFF-C5B4B1CEB2E3}.Release|x86.ActiveCfg = Release|Win32
		{85CA2EB5-A242-43EA-AAFF-C5B4B1CEB2E3}.Release|x86.Build.0 = Release|Win32
		{565B5EBC-1F42-40EB-8044-F364CD21EF87}.Debug|x64.ActiveCfg = Debug|x64
		{565B5EBC-1F42-40EB-8044-F364CD21EF87}.Debug|x64.Build.0 = Debug|x64
		{565B5EBC-1F42-40EB-8044-F364CD21EF87}.Debug|x86.ActiveCfg = Debug|Win32
		{565B5EBC-1F42-40EB-8044-F364CD21EF87}.Debug|x86.Build.0 = Debug|Win32
		{565B5EBC-1F42-40EB-8044-F364CD21EF87}.Release|x64.ActiveCfg = Release|x64
		{565B5EBC-1F42-40EB-8044-F364CD21EF87}.Release|x64.Build.0 = Release|x64
		{565B5EBC-1F42-40EB-8044-F364CD21EF87}.Release|x86.ActiveCfg = Release|Win32
		{565B5EBC-1F42-40EB-8044-F364CD21EF87}.Release|x86.Build.0 = Release|Win32
		{DCD91910-39E1-41D4-BAC9-86BF471AB2EE}.Debug|x64.ActiveCfg = Debug|x64
		{DCD91910-39E1-41D4-BAC9-86BF471AB2EE}.Debug|x64.Build.0 = Debug|x64
		{DCD91910-39E1-41D4-BAC9-86BF471AB2EE}.Debug|x86.ActiveCfg = Debug|Win32
		{DCD91910-39E1-41D4-BAC9-86BF471AB2EE}.Debug|x86.Build.0 = Debug|Win32
		{DCD91910-39E1-41D4-BAC9-86BF471AB2EE}.Release|x64.ActiveCfg = Release|x64
		{DCD91910-39E1-41D4-BAC9-86BF471AB2EE}.Release|x64.Build.0 = Release|x64
		{DCD91910-39E1-41D4-BAC9-86BF471AB2EE}.Release|x86.ActiveCfg = Release|Win32
		{DCD91910-39E1-41D4-BAC9-86BF471AB2EE}.Release|x86.Build.0 = Release|Win32
		{F41B70A0-8D88-468B-902E-D4DC288C4624}.Debug|x64.ActiveCfg = Debug|x64
		{F41B70A0-8D88-468B-902E-D4DC288C4624}.Debug|x64.Build.0 = Debug|x64
		{F41B70A0-8D88-468B-902E-D4DC288C4624}.Debug|x86.ActiveCfg = Debug|Win32
		{F41B70A0-8D88-468B-902E-D4DC288C4624}.Debug|x86.Build.0 = Debug|Win32
		{F41B70A0-8D88-468B-902E-D4DC288C4624}.Release|x64.ActiveCfg = Release|x64
		{F41B70A0-8D88-468B-902E-D4DC288C4624}.Release|x64.Build.0 = Release|x64
		{F41B70A0-8D88-468B-902E-D4DC288C4624}.Release|x86.ActiveCfg = Release|Win32
		{F41B70A0-8D88-468B-902E-D4DC288C4624}.Release|x86.Build.0 = Release|Win32
		{9860C97E-E76F-415A-B5A5-15AF8CAB688D}.Debug|x64.ActiveCfg = Debug|x64
		{9860C97E-E76F-415A-B5A5-15AF8CAB688D}.Debug|x64.Build.0 = Debug|x64
		{9860C97E-E76F-415A-B5A5-15AF8CAB688D}.Debug|x86.ActiveCfg = Debug|Win32
		{9860C97E-E76F-415A-B5A5-15AF8CAB688D}.Debug|x86.Build.0 = Debug|Win32
		{9860C97E-E76F-415A-B5A5-15AF8CAB688D}.Release|x64.ActiveCfg = Release|x64
		{9860C97E-E76F-415A-B5A5-15AF8CAB688D}.Release|x64.Build.0 = Release|x64
		{9860C97E-E76F-415A-B5A5-15AF8CAB688D}.Release|x86.ActiveCfg = Release|Win32
		{9860C97E-E76F-415A-B5A5-15AF8CAB688D}.Release|x86.Build.0 = Release|Win32
		{CB4F60A9-CE38-41DD-8234-0C50C437E9E0}.Debug|x64.ActiveCfg = Debug|x64
		{CB4F60A9-CE38-41DD-8234-0C50C437E9E0}.Debug|x64.Build.0 = Debug|x64
		{CB4F60A9-CE38-41DD-8234-0C50C437E9E0}.Debug|x86.ActiveCfg = Debug|Win32
		{CB4F60A9-CE38-41DD-8234-0C50C437E9E0}.Debug|x86.Build.0 = Debug|Win32
		{CB4F60A9-CE38-41DD-8234-0C50C437E9E0}.Release|x64.ActiveCfg = Release|x64
		{CB4F60A9-CE38-41DD-8234-0C50C437E9E0}.Release|x64.Build.0 = Release|x64
		{CB4F60A9-CE38-41DD-8234-0C50C437E9E0}.Release|x86.ActiveCfg = Release|Win32
		{CB4F60A9-CE38-41DD-8234-0C50C437E9E0}.Release|x86.Build.0 = Release|Win32
		{8DBA11D3-C9C6-44FE-A95E-4C6379C15F58}.Debug|x64.ActiveCfg = Debug|x64
		{8DBA11D3-C9C6-44FE-A95E-4C6379C15F58}.Debug|x64.Build.0 = Debug|x64
		{8DBA11D3-C9C6-44FE-A95E-4C6379C15F58}.Debug|x86.ActiveCfg = Debug|Win32
		{8DBA11D3-C9C6-44FE-A95E-4C6379C15F58}.Debug|x86.Build.0 = Debug|Win32
		{8DBA11D3-C9C6-44FE-A95E-4C6379C15F58}.Release|x64.ActiveCfg = Release|x64
		{8DBA11D3-C9C6-44FE-A95E-4C6379C15F58}.Release|x64.Build.0 = Release|x64
		{8DBA11D3-C9C6-44FE-A95E-4C6379C15F58}.Release|x86.ActiveCfg = Release|Win32
		{8DBA11D3-C9C6-44FE-A95E-4C6379C15F58}.Release|x86.Build.0 = Release|Win32
		{DB946D3D-04C3-43BC-8215-C11C81C62E42}.Debug|x64.ActiveCfg = Debug|x64
		{DB946D3D-04C3-43BC-8215-C11C81C62E42}.Debug|x64.Build.0 = Debug|x64
		{DB946D3D-04C3-43BC-8215-C11C81C62E42}.Debug|x86.ActiveCfg = Debug|Win32
		{DB946D3D-04C3-43BC-8215-C11C81C62E42}.Debug|x86.Build.0 = Debug|Win32
		{DB946D3D-04C3-43BC-8215-C11C81C62E42}.Release|x64.ActiveCfg = Release|x64
		{DB946D3D-04C3-43BC-8215-C11C81C62E42}.Release|x64.Build.0 = Release|x64
		{DB946D3D-04C3-43BC-8215-C11C81C62E42}.Release|x86.ActiveCfg = Release|Win32
		{DB946D3D-04C3-43BC-8215-C11C81C62E42}.Release|x86.Build.0 = Release|Win32
		{74DC13B6-0449-4E39-BE32-FEA573FF6BB5}.Debug|x64.ActiveCfg = Debug|x64
		{74DC13B6-0449-4E39-BE32-FEA573FF6BB5}.Debug|x64.Build.0 = Debug|x64
		{74DC13B6-0449-4E39-BE32-FEA573FF6BB5}.Debug|x86.ActiveCfg = Debug|Win32
		{74DC13B6-0449-4E39-BE32-FEA573FF6BB5}.Debug|x86.Build.0 = Debug|Win32
		{74DC13B6-0449-4E39-BE32-FEA573FF6BB5}.Release|x64.ActiveCfg = Release|x64
		{74DC13B6-0449-4E39-BE32-FEA573FF6BB5}.Release|x64.Build.0 = Release|x64
		{74DC13B6-0449-4E39-BE32-FEA573FF6BB5}.Release|x86.ActiveCfg = Release|Win32
		{74DC13B6-0449-4E39-BE32-FEA573FF6BB5}.Release|x86.Build.0 = Release|Win32
		{98DCEC4A-C754-4885-84D9-FB42A52D79F5}.Debug|x64.ActiveCfg = Debug|x64
		{98DCEC4A-C754-4885-84D9-FB42A52D79F5}.Debug|x64.Build.0 = Debug|x64
		{98DCEC4A-C754-4885-84D9-FB42A52D79F5}.Debug|x86.ActiveCfg = Debug|Win32
		{98DCEC4A-C754-4885-84D9-FB42A52D79F5}.Debug|x86.Build.0 = Debug|Win32
		{98DCEC4A-C754-4885-84D9-FB42A52D79F5}.Release|x64.ActiveCfg = Release|x64
		{98DCEC4A-C754-4885-84D9-FB42A52D79F5}.Release|x64.Build.0 = Release|x64
		{98DCEC4A-C754-4885-84D9-FB42A52D79F5}.Release|x86.ActiveCfg = Release|Win32
		{98DCEC4A-C754-4885-84D9-FB42A52D79F5}.Release|x86.Build.0 = Release|Win32
	EndGlobalSection
	GlobalSection(SolutionProperties) = preSolution
		HideSolutionNode = FALSE
	EndGlobalSection
	GlobalSection(ExtensibilityGlobals) = postSolution
		SolutionGuid = {EAA6D014-03F4-451F-8306-081E07AEE7DE}
	EndGlobalSection
EndGlobal
